
Microsoft Visual Studio Solution File, Format Version 12.00
# Visual Studio 2013
VisualStudioVersion = 12.0.21005.1
MinimumVisualStudioVersion = 10.0.40219.1
Project("{8BC9CEB8-8B4A-11D0-8D11-00A0C91BC942}") = "test-2021-03-21（观察者模式）", "test-2021-03-21（观察者模式）\test-2021-03-21（观察者模式）.vcxproj", "{D09E3CC2-1916-49A5-9385-537A69A601AF}"
EndProject
Global
	GlobalSection(SolutionConfigurationPlatforms) = preSolution
		Debug|Win32 = Debug|Win32
		Release|Win32 = Release|Win32
	EndGlobalSection
	GlobalSection(ProjectConfigurationPlatforms) = postSolution
		{D09E3CC2-1916-49A5-9385-537A69A601AF}.Debug|Win32.ActiveCfg = Debug|Win32
		{D09E3CC2-1916-49A5-9385-537A69A601AF}.Debug|Win32.Build.0 = Debug|Win32
		{D09E3CC2-1916-49A5-9385-537A69A601AF}.Release|Win32.ActiveCfg = Release|Win32
		{D09E3CC2-1916-49A5-9385-537A69A601AF}.Release|Win32.Build.0 = Release|Win32
	EndGlobalSection
	GlobalSection(SolutionProperties) = preSolution
		HideSolutionNode = FALSE
	EndGlobalSection
EndGlobal
